
Microsoft Visual Studio Solution File, Format Version 12.00
# Visual Studio Version 17
VisualStudioVersion = 17.4.33205.214
MinimumVisualStudioVersion = 10.0.40219.1
Project("{FAE04EC0-301F-11D3-BF4B-00C04F79EFBC}") = "ZADANIE 1", "ZADANIE 1\ZADANIE 1.csproj", "{48CF5761-1891-4A77-A17F-E8AF1F3A5CCA}"
EndProject
Global
	GlobalSection(SolutionConfigurationPlatforms) = preSolution
		Debug|Any CPU = Debug|Any CPU
		Release|Any CPU = Release|Any CPU
	EndGlobalSection
	GlobalSection(ProjectConfigurationPlatforms) = postSolution
		{48CF5761-1891-4A77-A17F-E8AF1F3A5CCA}.Debug|Any CPU.ActiveCfg = Debug|Any CPU
		{48CF5761-1891-4A77-A17F-E8AF1F3A5CCA}.Debug|Any CPU.Build.0 = Debug|Any CPU
		{48CF5761-1891-4A77-A17F-E8AF1F3A5CCA}.Release|Any CPU.ActiveCfg = Release|Any CPU
		{48CF5761-1891-4A77-A17F-E8AF1F3A5CCA}.Release|Any CPU.Build.0 = Release|Any CPU
	EndGlobalSection
	GlobalSection(SolutionProperties) = preSolution
		HideSolutionNode = FALSE
	EndGlobalSection
	GlobalSection(ExtensibilityGlobals) = postSolution
		SolutionGuid = {FCDE7A06-0A9C-453B-93F1-1154816323E7}
	EndGlobalSection
EndGlobal
